
Microsoft Visual Studio Solution File, Format Version 12.00
# Visual Studio Version 17
VisualStudioVersion = 17.10.35122.118
MinimumVisualStudioVersion = 10.0.40219.1
Project("{FAE04EC0-301F-11D3-BF4B-00C04F79EFBC}") = "Task6", "Task6\Task6.csproj", "{C4B6AB15-F8C1-4D43-A46E-5053AFF07B05}"
EndProject
Global
	GlobalSection(SolutionConfigurationPlatforms) = preSolution
		Debug|Any CPU = Debug|Any CPU
		Release|Any CPU = Release|Any CPU
	EndGlobalSection
	GlobalSection(ProjectConfigurationPlatforms) = postSolution
		{C4B6AB15-F8C1-4D43-A46E-5053AFF07B05}.Debug|Any CPU.ActiveCfg = Debug|Any CPU
		{C4B6AB15-F8C1-4D43-A46E-5053AFF07B05}.Debug|Any CPU.Build.0 = Debug|Any CPU
		{C4B6AB15-F8C1-4D43-A46E-5053AFF07B05}.Release|Any CPU.ActiveCfg = Release|Any CPU
		{C4B6AB15-F8C1-4D43-A46E-5053AFF07B05}.Release|Any CPU.Build.0 = Release|Any CPU
	EndGlobalSection
	GlobalSection(SolutionProperties) = preSolution
		HideSolutionNode = FALSE
	EndGlobalSection
	GlobalSection(ExtensibilityGlobals) = postSolution
		SolutionGuid = {3E563D79-C5C9-4CEC-A737-B338D39A8EFE}
	EndGlobalSection
EndGlobal
